PODS:
  - Flutter (1.0.0)
  - flutter_icmp_ping (0.0.1):
    - Flutter
  - network_info_plus (0.0.1):
    - Flutter
  - thermal_printer (1.0.0):
    - Flutter

DEPENDENCIES:
  - Flutter (from `Flutter`)
  - flutter_icmp_ping (from `.symlinks/plugins/flutter_icmp_ping/ios`)
  - network_info_plus (from `.symlinks/plugins/network_info_plus/ios`)
  - thermal_printer (from `.symlinks/plugins/thermal_printer/ios`)

EXTERNAL SOURCES:
  Flutter:
    :path: Flutter
  flutter_icmp_ping:
    :path: ".symlinks/plugins/flutter_icmp_ping/ios"
  network_info_plus:
    :path: ".symlinks/plugins/network_info_plus/ios"
  thermal_printer:
    :path: ".symlinks/plugins/thermal_printer/ios"

SPEC CHECKSUMS:
  Flutter: e0871f40cf51350855a761d2e70bf5af5b9b5de7
  flutter_icmp_ping: 2b159955eee0c487c766ad83fec224ae35e7c935
  network_info_plus: 6d0c3eb8367b8164fa3fb0c19875e3f59d49697f
  thermal_printer: 1885c43c3f17b912ca2c29e7f44822dddc2c24b9

PODFILE CHECKSUM: f030c331a1a70409b379e4946484e3ce5e7d4d46

COCOAPODS: 1.13.0
